
Microsoft Visual Studio Solution File, Format Version 12.00
# Visual Studio Version 17
VisualStudioVersion = 17.14.36623.8
MinimumVisualStudioVersion = 10.0.40219.1
Project("{FAE04EC0-301F-11D3-BF4B-00C04F79EFBC}") = "ORPHEO", "ORPHEO\ORPHEO.csproj", "{79EF63E9-F439-4E9F-A10F-86E461BD0A51}"
EndProject
Global
	GlobalSection(SolutionConfigurationPlatforms) = preSolution
		Debug|Any CPU = Debug|Any CPU
		Release|Any CPU = Release|Any CPU
	EndGlobalSection
	GlobalSection(ProjectConfigurationPlatforms) = postSolution
		{79EF63E9-F439-4E9F-A10F-86E461BD0A51}.Debug|Any CPU.ActiveCfg = Debug|Any CPU
		{79EF63E9-F439-4E9F-A10F-86E461BD0A51}.Debug|Any CPU.Build.0 = Debug|Any CPU
		{79EF63E9-F439-4E9F-A10F-86E461BD0A51}.Release|Any CPU.ActiveCfg = Release|Any CPU
		{79EF63E9-F439-4E9F-A10F-86E461BD0A51}.Release|Any CPU.Build.0 = Release|Any CPU
	EndGlobalSection
	GlobalSection(SolutionProperties) = preSolution
		HideSolutionNode = FALSE
	EndGlobalSection
	GlobalSection(ExtensibilityGlobals) = postSolution
		SolutionGuid = {E98D0859-6194-4994-B125-F049555971F1}
	EndGlobalSection
EndGlobal
